{
    "version": 3,
    "terraform_version": "0.8.4",
    "serial": 4,
    "lineage": "ace94702-c61c-4e84-af8e-75831cc9c7c3",
    "modules": [
        {
            "path": [
                "root"
            ],
            "outputs": {},
            "resources": {
                "azurerm_network_interface.nic": {
                    "type": "azurerm_network_interface",
                    "depends_on": [
                        "azurerm_resource_group.resource_group",
                        "azurerm_subnet.subnet"
                    ],
                    "primary": {
                        "id": "/subscriptions/07b428cb-01a7-4b9f-8858-7a48b71404ff/resourceGroups/atu045-oradb-rg/providers/Microsoft.Network/networkInterfaces/atu045oradb-ip-priv",
                        "attributes": {
                            "applied_dns_servers.#": "0",
                            "dns_servers.#": "0",
                            "enable_ip_forwarding": "false",
                            "id": "/subscriptions/07b428cb-01a7-4b9f-8858-7a48b71404ff/resourceGroups/atu045-oradb-rg/providers/Microsoft.Network/networkInterfaces/atu045oradb-ip-priv",
                            "ip_configuration.#": "1",
                            "ip_configuration.4047592264.load_balancer_backend_address_pools_ids.#": "0",
                            "ip_configuration.4047592264.load_balancer_inbound_nat_rules_ids.#": "0",
                            "ip_configuration.4047592264.name": "atu045oradb-ip-priv",
                            "ip_configuration.4047592264.private_ip_address": "",
                            "ip_configuration.4047592264.private_ip_address_allocation": "dynamic",
                            "ip_configuration.4047592264.public_ip_address_id": "",
                            "ip_configuration.4047592264.subnet_id": "/subscriptions/07b428cb-01a7-4b9f-8858-7a48b71404ff/resourceGroups/atu045dev_rg/providers/Microsoft.Network/virtualNetworks/atu045dev-VN/subnets/atu045dev-oradb",
                            "location": "westeurope",
                            "name": "atu045oradb-ip-priv",
                            "private_ip_address": "10.135.10.4",
                            "resource_group_name": "atu045-oradb-rg",
                            "tags.%": "0"
                        },
                        "meta": {},
                        "tainted": false
                    },
                    "deposed": [],
                    "provider": ""
                },
                "azurerm_resource_group.resource_group": {
                    "type": "azurerm_resource_group",
                    "depends_on": [],
                    "primary": {
                        "id": "/subscriptions/07b428cb-01a7-4b9f-8858-7a48b71404ff/resourceGroups/atu045-oradb-rg",
                        "attributes": {
                            "id": "/subscriptions/07b428cb-01a7-4b9f-8858-7a48b71404ff/resourceGroups/atu045-oradb-rg",
                            "location": "westeurope",
                            "name": "atu045-oradb-rg",
                            "tags.%": "0"
                        },
                        "meta": {},
                        "tainted": false
                    },
                    "deposed": [],
                    "provider": ""
                },
                "azurerm_storage_account.sa": {
                    "type": "azurerm_storage_account",
                    "depends_on": [
                        "azurerm_resource_group.resource_group"
                    ],
                    "primary": {
                        "id": "/subscriptions/07b428cb-01a7-4b9f-8858-7a48b71404ff/resourceGroups/atu045-oradb-rg/providers/Microsoft.Storage/storageAccounts/atu045oradbsa",
                        "attributes": {
                            "account_kind": "Storage",
                            "account_type": "Premium_LRS",
                            "id": "/subscriptions/07b428cb-01a7-4b9f-8858-7a48b71404ff/resourceGroups/atu045-oradb-rg/providers/Microsoft.Storage/storageAccounts/atu045oradbsa",
                            "location": "westeurope",
                            "name": "atu045oradbsa",
                            "primary_access_key": "FwMHhiPuVnep/hrl39tK/EBJe6pTDz4pjImmpy1ap4ITSu4vtEcY/vTbjhJni8yy2DPJaIBrmIKb0xdwLkzMVw==",
                            "primary_blob_endpoint": "https://atu045oradbsa.blob.core.windows.net/",
                            "primary_file_endpoint": "",
                            "primary_location": "westeurope",
                            "primary_queue_endpoint": "",
                            "primary_table_endpoint": "",
                            "resource_group_name": "atu045-oradb-rg",
                            "secondary_access_key": "AQVtQ+KXXHDS/s74OO1ItK8WdmqkHYI6qhXCgp39QgyDKqltf45kbWIHO8HB3Pzi7AqPbM9ogUikHUyivpH41A==",
                            "secondary_location": "",
                            "tags.%": "1",
                            "tags.prefix": "staging"
                        },
                        "meta": {},
                        "tainted": false
                    },
                    "deposed": [],
                    "provider": ""
                },
                "azurerm_storage_container.sc1": {
                    "type": "azurerm_storage_container",
                    "depends_on": [
                        "azurerm_resource_group.resource_group",
                        "azurerm_storage_account.sa"
                    ],
                    "primary": {
                        "id": "atu045oradb-container-0",
                        "attributes": {
                            "container_access_type": "private",
                            "id": "atu045oradb-container-0",
                            "name": "atu045oradb-container-0",
                            "properties.%": "4",
                            "properties.last_modified": "Fri, 17 Feb 2017 08:58:16 GMT",
                            "properties.lease_duration": "",
                            "properties.lease_state": "available",
                            "properties.lease_status": "unlocked",
                            "resource_group_name": "atu045-oradb-rg",
                            "storage_account_name": "atu045oradbsa"
                        },
                        "meta": {},
                        "tainted": false
                    },
                    "deposed": [],
                    "provider": ""
                },
                "azurerm_subnet.subnet": {
                    "type": "azurerm_subnet",
                    "depends_on": [],
                    "primary": {
                        "id": "/subscriptions/07b428cb-01a7-4b9f-8858-7a48b71404ff/resourceGroups/atu045dev_rg/providers/Microsoft.Network/virtualNetworks/atu045dev-VN/subnets/atu045dev-oradb",
                        "attributes": {
                            "address_prefix": "10.135.10.0/24",
                            "id": "/subscriptions/07b428cb-01a7-4b9f-8858-7a48b71404ff/resourceGroups/atu045dev_rg/providers/Microsoft.Network/virtualNetworks/atu045dev-VN/subnets/atu045dev-oradb",
                            "ip_configurations.#": "1",
                            "ip_configurations.1093980764": "/subscriptions/07b428cb-01a7-4b9f-8858-7a48b71404ff/resourceGroups/atu045-oradb-rg/providers/Microsoft.Network/networkInterfaces/atu045oradb-ip-priv/ipConfigurations/atu045oradb-ip-priv",
                            "name": "atu045dev-oradb",
                            "resource_group_name": "atu045dev_rg",
                            "virtual_network_name": "atu045dev-VN"
                        },
                        "meta": {},
                        "tainted": false
                    },
                    "deposed": [],
                    "provider": ""
                }
            },
            "depends_on": []
        }
    ]
}
