{
    "version": 3,
    "terraform_version": "0.8.4",
    "serial": 5,
    "lineage": "ace94702-c61c-4e84-af8e-75831cc9c7c3",
    "modules": [
        {
            "path": [
                "root"
            ],
            "outputs": {},
            "resources": {
                "azurerm_network_interface.nic": {
                    "type": "azurerm_network_interface",
                    "depends_on": [
                        "azurerm_resource_group.resource_group",
                        "azurerm_subnet.subnet"
                    ],
                    "primary": {
                        "id": "/subscriptions/07b428cb-01a7-4b9f-8858-7a48b71404ff/resourceGroups/atu045-oradb-rg/providers/Microsoft.Network/networkInterfaces/atu045oradb-ip-priv",
                        "attributes": {
                            "applied_dns_servers.#": "0",
                            "dns_servers.#": "0",
                            "enable_ip_forwarding": "false",
                            "id": "/subscriptions/07b428cb-01a7-4b9f-8858-7a48b71404ff/resourceGroups/atu045-oradb-rg/providers/Microsoft.Network/networkInterfaces/atu045oradb-ip-priv",
                            "ip_configuration.#": "1",
                            "ip_configuration.4047592264.load_balancer_backend_address_pools_ids.#": "0",
                            "ip_configuration.4047592264.load_balancer_inbound_nat_rules_ids.#": "0",
                            "ip_configuration.4047592264.name": "atu045oradb-ip-priv",
                            "ip_configuration.4047592264.private_ip_address": "",
                            "ip_configuration.4047592264.private_ip_address_allocation": "dynamic",
                            "ip_configuration.4047592264.public_ip_address_id": "",
                            "ip_configuration.4047592264.subnet_id": "/subscriptions/07b428cb-01a7-4b9f-8858-7a48b71404ff/resourceGroups/atu045dev_rg/providers/Microsoft.Network/virtualNetworks/atu045dev-VN/subnets/atu045dev-oradb",
                            "location": "westeurope",
                            "name": "atu045oradb-ip-priv",
                            "private_ip_address": "10.135.10.4",
                            "resource_group_name": "atu045-oradb-rg",
                            "tags.%": "0"
                        },
                        "meta": {},
                        "tainted": false
                    },
                    "deposed": [],
                    "provider": ""
                },
                "azurerm_resource_group.resource_group": {
                    "type": "azurerm_resource_group",
                    "depends_on": [],
                    "primary": {
                        "id": "/subscriptions/07b428cb-01a7-4b9f-8858-7a48b71404ff/resourceGroups/atu045-oradb-rg",
                        "attributes": {
                            "id": "/subscriptions/07b428cb-01a7-4b9f-8858-7a48b71404ff/resourceGroups/atu045-oradb-rg",
                            "location": "westeurope",
                            "name": "atu045-oradb-rg",
                            "tags.%": "0"
                        },
                        "meta": {},
                        "tainted": false
                    },
                    "deposed": [],
                    "provider": ""
                },
                "azurerm_storage_account.sa": {
                    "type": "azurerm_storage_account",
                    "depends_on": [
                        "azurerm_resource_group.resource_group"
                    ],
                    "primary": {
                        "id": "/subscriptions/07b428cb-01a7-4b9f-8858-7a48b71404ff/resourceGroups/atu045-oradb-rg/providers/Microsoft.Storage/storageAccounts/atu045oradbsa",
                        "attributes": {
                            "account_kind": "Storage",
                            "account_type": "Premium_LRS",
                            "id": "/subscriptions/07b428cb-01a7-4b9f-8858-7a48b71404ff/resourceGroups/atu045-oradb-rg/providers/Microsoft.Storage/storageAccounts/atu045oradbsa",
                            "location": "westeurope",
                            "name": "atu045oradbsa",
                            "primary_access_key": "FwMHhiPuVnep/hrl39tK/EBJe6pTDz4pjImmpy1ap4ITSu4vtEcY/vTbjhJni8yy2DPJaIBrmIKb0xdwLkzMVw==",
                            "primary_blob_endpoint": "https://atu045oradbsa.blob.core.windows.net/",
                            "primary_file_endpoint": "",
                            "primary_location": "westeurope",
                            "primary_queue_endpoint": "",
                            "primary_table_endpoint": "",
                            "resource_group_name": "atu045-oradb-rg",
                            "secondary_access_key": "AQVtQ+KXXHDS/s74OO1ItK8WdmqkHYI6qhXCgp39QgyDKqltf45kbWIHO8HB3Pzi7AqPbM9ogUikHUyivpH41A==",
                            "secondary_location": "",
                            "tags.%": "1",
                            "tags.prefix": "staging"
                        },
                        "meta": {},
                        "tainted": false
                    },
                    "deposed": [],
                    "provider": ""
                },
                "azurerm_storage_container.sc1": {
                    "type": "azurerm_storage_container",
                    "depends_on": [
                        "azurerm_resource_group.resource_group",
                        "azurerm_storage_account.sa"
                    ],
                    "primary": {
                        "id": "atu045oradb-container-0",
                        "attributes": {
                            "container_access_type": "private",
                            "id": "atu045oradb-container-0",
                            "name": "atu045oradb-container-0",
                            "properties.%": "4",
                            "properties.last_modified": "Fri, 17 Feb 2017 08:58:16 GMT",
                            "properties.lease_duration": "",
                            "properties.lease_state": "available",
                            "properties.lease_status": "unlocked",
                            "resource_group_name": "atu045-oradb-rg",
                            "storage_account_name": "atu045oradbsa"
                        },
                        "meta": {},
                        "tainted": false
                    },
                    "deposed": [],
                    "provider": ""
                },
                "azurerm_subnet.subnet": {
                    "type": "azurerm_subnet",
                    "depends_on": [],
                    "primary": {
                        "id": "/subscriptions/07b428cb-01a7-4b9f-8858-7a48b71404ff/resourceGroups/atu045dev_rg/providers/Microsoft.Network/virtualNetworks/atu045dev-VN/subnets/atu045dev-oradb",
                        "attributes": {
                            "address_prefix": "10.135.10.0/24",
                            "id": "/subscriptions/07b428cb-01a7-4b9f-8858-7a48b71404ff/resourceGroups/atu045dev_rg/providers/Microsoft.Network/virtualNetworks/atu045dev-VN/subnets/atu045dev-oradb",
                            "ip_configurations.#": "1",
                            "ip_configurations.1093980764": "/subscriptions/07b428cb-01a7-4b9f-8858-7a48b71404ff/resourceGroups/atu045-oradb-rg/providers/Microsoft.Network/networkInterfaces/atu045oradb-ip-priv/ipConfigurations/atu045oradb-ip-priv",
                            "name": "atu045dev-oradb",
                            "resource_group_name": "atu045dev_rg",
                            "virtual_network_name": "atu045dev-VN"
                        },
                        "meta": {},
                        "tainted": false
                    },
                    "deposed": [],
                    "provider": ""
                },
                "azurerm_virtual_machine.vm": {
                    "type": "azurerm_virtual_machine",
                    "depends_on": [
                        "azurerm_network_interface.nic",
                        "azurerm_network_interface.nic",
                        "azurerm_network_interface.nic",
                        "azurerm_resource_group.resource_group",
                        "azurerm_storage_account.sa",
                        "azurerm_storage_container.sc1"
                    ],
                    "primary": {
                        "id": "/subscriptions/07b428cb-01a7-4b9f-8858-7a48b71404ff/resourceGroups/atu045-oradb-rg/providers/Microsoft.Compute/virtualMachines/atu045oradb-vm-0",
                        "attributes": {
                            "delete_data_disks_on_termination": "false",
                            "delete_os_disk_on_termination": "false",
                            "id": "/subscriptions/07b428cb-01a7-4b9f-8858-7a48b71404ff/resourceGroups/atu045-oradb-rg/providers/Microsoft.Compute/virtualMachines/atu045oradb-vm-0",
                            "location": "westeurope",
                            "name": "atu045oradb-vm-0",
                            "network_interface_ids.#": "1",
                            "network_interface_ids.2002977463": "/subscriptions/07b428cb-01a7-4b9f-8858-7a48b71404ff/resourceGroups/atu045-oradb-rg/providers/Microsoft.Network/networkInterfaces/atu045oradb-ip-priv",
                            "os_profile.#": "1",
                            "os_profile.665404086.admin_password": "",
                            "os_profile.665404086.admin_username": "atu045",
                            "os_profile.665404086.computer_name": "atu045oradb-vm-0",
                            "os_profile.665404086.custom_data": "",
                            "os_profile_linux_config.#": "1",
                            "os_profile_linux_config.69840937.disable_password_authentication": "true",
                            "os_profile_linux_config.69840937.ssh_keys.#": "2",
                            "os_profile_linux_config.69840937.ssh_keys.1.key_data": "ssh-rsa AAAAB3NzaC1yc2EAAAADAQABAAABAQDYrcuzkzfdb6p5lP3v6YFi8+igHG8F01ktFtizXqhas+TKmUdeI3f6ok+aYA+BCBQJpB3Lg6VOj0Ud/FUg8eZ3E9vlGZ5/HhUPPEq3EFThffNu9hrn1jS//lBYVzVMwtxyzWglcNHPfj65D8rm0YvbV2jXfV1G2W/wfgoy/FjtJQnoJXLXg85qUslg9noZUVPouy0LHJ8OciMmKi2ZlxsWyLUf10yhQmwNEGmDJSmRCLMHb3UuSoiwfGmLpWfkeppi2TSw8iDhbsPV2C1vlpHtuWSGI6gXIkNMTr6WxA/PiwVSDSeTr90uhTtVKM5xYb1Rv6a7WXZLPKXjiw8+zEtn root@atu045dev-jumpbox\n",
                            "os_profile_linux_config.69840937.ssh_keys.1.path": "/home/atu045/.ssh/authorized_keys",
                            "os_profile_secrets.#": "0",
                            "resource_group_name": "atu045-oradb-rg",
                            "storage_data_disk.#": "5",
                            "storage_data_disk.0.create_option": "Empty",
                            "storage_data_disk.0.disk_size_gb": "100",
                            "storage_data_disk.0.lun": "0",
                            "storage_data_disk.0.name": "atu045oradb-vm-0-datadisk0",
                            "storage_data_disk.0.vhd_uri": "https://atu045oradbsa.blob.core.windows.net/atu045oradb-container-0/atu045oradb-vm-0-datadisk0.vhd",
                            "storage_data_disk.1.create_option": "Empty",
                            "storage_data_disk.1.disk_size_gb": "200",
                            "storage_data_disk.1.lun": "1",
                            "storage_data_disk.1.name": "atu045oradb-vm-0-asm0",
                            "storage_data_disk.1.vhd_uri": "https://atu045oradbsa.blob.core.windows.net/atu045oradb-container-0/atu045oradb-vm-1-asm0.vhd",
                            "storage_data_disk.2.create_option": "Empty",
                            "storage_data_disk.2.disk_size_gb": "200",
                            "storage_data_disk.2.lun": "2",
                            "storage_data_disk.2.name": "atu045oradb-vm-0-asm1",
                            "storage_data_disk.2.vhd_uri": "https://atu045oradbsa.blob.core.windows.net/atu045oradb-container-0/atu045oradb-vm-0-asm1.vhd",
                            "storage_data_disk.3.create_option": "Empty",
                            "storage_data_disk.3.disk_size_gb": "200",
                            "storage_data_disk.3.lun": "3",
                            "storage_data_disk.3.name": "atu045oradb-vm-0-asm2",
                            "storage_data_disk.3.vhd_uri": "https://atu045oradbsa.blob.core.windows.net/atu045oradb-container-0/atu045oradb-vm-0-asm2.vhd",
                            "storage_data_disk.4.create_option": "Empty",
                            "storage_data_disk.4.disk_size_gb": "150",
                            "storage_data_disk.4.lun": "4",
                            "storage_data_disk.4.name": "atu045oradb-vm-0-asm3",
                            "storage_data_disk.4.vhd_uri": "https://atu045oradbsa.blob.core.windows.net/atu045oradb-container-0/atu045oradb-vm-0-asm3.vhd",
                            "storage_image_reference.#": "1",
                            "storage_image_reference.4162113499.offer": "RHEL",
                            "storage_image_reference.4162113499.publisher": "RedHat",
                            "storage_image_reference.4162113499.sku": "7.3",
                            "storage_image_reference.4162113499.version": "latest",
                            "storage_os_disk.#": "1",
                            "storage_os_disk.1219811969.caching": "ReadWrite",
                            "storage_os_disk.1219811969.create_option": "FromImage",
                            "storage_os_disk.1219811969.disk_size_gb": "0",
                            "storage_os_disk.1219811969.image_uri": "",
                            "storage_os_disk.1219811969.name": "atu045oradb-vm-0-osdisk",
                            "storage_os_disk.1219811969.os_type": "",
                            "storage_os_disk.1219811969.vhd_uri": "https://atu045oradbsa.blob.core.windows.net/atu045oradb-container-0/atu045oradb-vm-0-osdisk.vhd",
                            "tags.%": "0",
                            "vm_size": "Standard_DS3"
                        },
                        "meta": {},
                        "tainted": false
                    },
                    "deposed": [],
                    "provider": ""
                }
            },
            "depends_on": []
        }
    ]
}
