{
    "version": 3,
    "terraform_version": "0.8.4",
    "serial": 7,
    "lineage": "3424fb10-f1b8-4494-8925-55461bfc7007",
    "modules": [
        {
            "path": [
                "root"
            ],
            "outputs": {},
            "resources": {
                "azurerm_network_interface.nic0": {
                    "type": "azurerm_network_interface",
                    "depends_on": [
                        "azurerm_resource_group.resource_group",
                        "azurerm_subnet.subnet"
                    ],
                    "primary": {
                        "id": "/subscriptions/07b428cb-01a7-4b9f-8858-7a48b71404ff/resourceGroups/atu045-cassandra1-rg/providers/Microsoft.Network/networkInterfaces/atu045cassandra1-ip0-priv",
                        "attributes": {
                            "applied_dns_servers.#": "0",
                            "dns_servers.#": "0",
                            "enable_ip_forwarding": "false",
                            "id": "/subscriptions/07b428cb-01a7-4b9f-8858-7a48b71404ff/resourceGroups/atu045-cassandra1-rg/providers/Microsoft.Network/networkInterfaces/atu045cassandra1-ip0-priv",
                            "ip_configuration.#": "1",
                            "ip_configuration.3888329665.load_balancer_backend_address_pools_ids.#": "0",
                            "ip_configuration.3888329665.load_balancer_inbound_nat_rules_ids.#": "0",
                            "ip_configuration.3888329665.name": "atu045cassandra1-ip0-priv",
                            "ip_configuration.3888329665.private_ip_address": "",
                            "ip_configuration.3888329665.private_ip_address_allocation": "dynamic",
                            "ip_configuration.3888329665.public_ip_address_id": "",
                            "ip_configuration.3888329665.subnet_id": "/subscriptions/07b428cb-01a7-4b9f-8858-7a48b71404ff/resourceGroups/atu045dev_rg/providers/Microsoft.Network/virtualNetworks/atu045dev-VN/subnets/atu045dev-cassandra1",
                            "location": "westeurope",
                            "name": "atu045cassandra1-ip0-priv",
                            "private_ip_address": "10.135.50.5",
                            "resource_group_name": "atu045-cassandra1-rg",
                            "tags.%": "0"
                        },
                        "meta": {},
                        "tainted": false
                    },
                    "deposed": [],
                    "provider": ""
                },
                "azurerm_network_interface.nic1": {
                    "type": "azurerm_network_interface",
                    "depends_on": [
                        "azurerm_resource_group.resource_group",
                        "azurerm_subnet.subnet"
                    ],
                    "primary": {
                        "id": "/subscriptions/07b428cb-01a7-4b9f-8858-7a48b71404ff/resourceGroups/atu045-cassandra1-rg/providers/Microsoft.Network/networkInterfaces/atu045cassandra1-ip1-priv",
                        "attributes": {
                            "applied_dns_servers.#": "0",
                            "dns_servers.#": "0",
                            "enable_ip_forwarding": "false",
                            "id": "/subscriptions/07b428cb-01a7-4b9f-8858-7a48b71404ff/resourceGroups/atu045-cassandra1-rg/providers/Microsoft.Network/networkInterfaces/atu045cassandra1-ip1-priv",
                            "ip_configuration.#": "1",
                            "ip_configuration.210493846.load_balancer_backend_address_pools_ids.#": "0",
                            "ip_configuration.210493846.load_balancer_inbound_nat_rules_ids.#": "0",
                            "ip_configuration.210493846.name": "atu045cassandra1-ip1-priv",
                            "ip_configuration.210493846.private_ip_address": "",
                            "ip_configuration.210493846.private_ip_address_allocation": "dynamic",
                            "ip_configuration.210493846.public_ip_address_id": "",
                            "ip_configuration.210493846.subnet_id": "/subscriptions/07b428cb-01a7-4b9f-8858-7a48b71404ff/resourceGroups/atu045dev_rg/providers/Microsoft.Network/virtualNetworks/atu045dev-VN/subnets/atu045dev-cassandra1",
                            "location": "westeurope",
                            "name": "atu045cassandra1-ip1-priv",
                            "private_ip_address": "10.135.50.4",
                            "resource_group_name": "atu045-cassandra1-rg",
                            "tags.%": "0"
                        },
                        "meta": {},
                        "tainted": false
                    },
                    "deposed": [],
                    "provider": ""
                },
                "azurerm_network_interface.nic2": {
                    "type": "azurerm_network_interface",
                    "depends_on": [
                        "azurerm_resource_group.resource_group",
                        "azurerm_subnet.subnet"
                    ],
                    "primary": {
                        "id": "/subscriptions/07b428cb-01a7-4b9f-8858-7a48b71404ff/resourceGroups/atu045-cassandra1-rg/providers/Microsoft.Network/networkInterfaces/atu045cassandra1-ip2-priv",
                        "attributes": {
                            "applied_dns_servers.#": "0",
                            "dns_servers.#": "0",
                            "enable_ip_forwarding": "false",
                            "id": "/subscriptions/07b428cb-01a7-4b9f-8858-7a48b71404ff/resourceGroups/atu045-cassandra1-rg/providers/Microsoft.Network/networkInterfaces/atu045cassandra1-ip2-priv",
                            "ip_configuration.#": "1",
                            "ip_configuration.3928199470.load_balancer_backend_address_pools_ids.#": "0",
                            "ip_configuration.3928199470.load_balancer_inbound_nat_rules_ids.#": "0",
                            "ip_configuration.3928199470.name": "atu045cassandra1-ip2-priv",
                            "ip_configuration.3928199470.private_ip_address": "",
                            "ip_configuration.3928199470.private_ip_address_allocation": "dynamic",
                            "ip_configuration.3928199470.public_ip_address_id": "",
                            "ip_configuration.3928199470.subnet_id": "/subscriptions/07b428cb-01a7-4b9f-8858-7a48b71404ff/resourceGroups/atu045dev_rg/providers/Microsoft.Network/virtualNetworks/atu045dev-VN/subnets/atu045dev-cassandra1",
                            "location": "westeurope",
                            "name": "atu045cassandra1-ip2-priv",
                            "private_ip_address": "10.135.50.6",
                            "resource_group_name": "atu045-cassandra1-rg",
                            "tags.%": "0"
                        },
                        "meta": {},
                        "tainted": false
                    },
                    "deposed": [],
                    "provider": ""
                },
                "azurerm_resource_group.resource_group": {
                    "type": "azurerm_resource_group",
                    "depends_on": [],
                    "primary": {
                        "id": "/subscriptions/07b428cb-01a7-4b9f-8858-7a48b71404ff/resourceGroups/atu045-cassandra1-rg",
                        "attributes": {
                            "id": "/subscriptions/07b428cb-01a7-4b9f-8858-7a48b71404ff/resourceGroups/atu045-cassandra1-rg",
                            "location": "westeurope",
                            "name": "atu045-cassandra1-rg",
                            "tags.%": "0"
                        },
                        "meta": {},
                        "tainted": false
                    },
                    "deposed": [],
                    "provider": ""
                },
                "azurerm_storage_account.sa": {
                    "type": "azurerm_storage_account",
                    "depends_on": [
                        "azurerm_resource_group.resource_group"
                    ],
                    "primary": {
                        "id": "/subscriptions/07b428cb-01a7-4b9f-8858-7a48b71404ff/resourceGroups/atu045-cassandra1-rg/providers/Microsoft.Storage/storageAccounts/atu045cassandra1sa",
                        "attributes": {
                            "account_kind": "Storage",
                            "account_type": "Premium_LRS",
                            "id": "/subscriptions/07b428cb-01a7-4b9f-8858-7a48b71404ff/resourceGroups/atu045-cassandra1-rg/providers/Microsoft.Storage/storageAccounts/atu045cassandra1sa",
                            "location": "westeurope",
                            "name": "atu045cassandra1sa",
                            "primary_access_key": "TXhLuRBtH0HjhQy0ts/LCiRP6ijpYyZ9iZ87UYCunbnq3olp9MmQ+HiS/wtPW2FHYjjpD34+2R0pyKCWaxN5wQ==",
                            "primary_blob_endpoint": "https://atu045cassandra1sa.blob.core.windows.net/",
                            "primary_file_endpoint": "",
                            "primary_location": "westeurope",
                            "primary_queue_endpoint": "",
                            "primary_table_endpoint": "",
                            "resource_group_name": "atu045-cassandra1-rg",
                            "secondary_access_key": "zakPivg/SSsuHZ/RYwZNBHS1N5edUjzETdyv6+RPTLrFCQL1T8WKxtgoqsJXoeqrlytgfhAnGHO6VBNwO+qpFQ==",
                            "secondary_location": "",
                            "tags.%": "1",
                            "tags.prefix": "staging"
                        },
                        "meta": {},
                        "tainted": false
                    },
                    "deposed": [],
                    "provider": ""
                },
                "azurerm_storage_container.sc1": {
                    "type": "azurerm_storage_container",
                    "depends_on": [
                        "azurerm_resource_group.resource_group",
                        "azurerm_storage_account.sa"
                    ],
                    "primary": {
                        "id": "atu045cassandra1-container-0",
                        "attributes": {
                            "container_access_type": "private",
                            "id": "atu045cassandra1-container-0",
                            "name": "atu045cassandra1-container-0",
                            "properties.%": "4",
                            "properties.last_modified": "Wed, 08 Mar 2017 18:39:09 GMT",
                            "properties.lease_duration": "",
                            "properties.lease_state": "available",
                            "properties.lease_status": "unlocked",
                            "resource_group_name": "atu045-cassandra1-rg",
                            "storage_account_name": "atu045cassandra1sa"
                        },
                        "meta": {},
                        "tainted": false
                    },
                    "deposed": [],
                    "provider": ""
                },
                "azurerm_subnet.subnet": {
                    "type": "azurerm_subnet",
                    "depends_on": [],
                    "primary": {
                        "id": "/subscriptions/07b428cb-01a7-4b9f-8858-7a48b71404ff/resourceGroups/atu045dev_rg/providers/Microsoft.Network/virtualNetworks/atu045dev-VN/subnets/atu045dev-cassandra1",
                        "attributes": {
                            "address_prefix": "10.135.50.0/24",
                            "id": "/subscriptions/07b428cb-01a7-4b9f-8858-7a48b71404ff/resourceGroups/atu045dev_rg/providers/Microsoft.Network/virtualNetworks/atu045dev-VN/subnets/atu045dev-cassandra1",
                            "ip_configurations.#": "0",
                            "name": "atu045dev-cassandra1",
                            "resource_group_name": "atu045dev_rg",
                            "virtual_network_name": "atu045dev-VN"
                        },
                        "meta": {},
                        "tainted": false
                    },
                    "deposed": [],
                    "provider": ""
                },
                "azurerm_virtual_machine.vm-0": {
                    "type": "azurerm_virtual_machine",
                    "depends_on": [
                        "azurerm_network_interface.nic0",
                        "azurerm_network_interface.nic0",
                        "azurerm_network_interface.nic0",
                        "azurerm_network_interface.nic0",
                        "azurerm_resource_group.resource_group",
                        "azurerm_storage_account.sa",
                        "azurerm_storage_container.sc1"
                    ],
                    "primary": {
                        "id": "/subscriptions/07b428cb-01a7-4b9f-8858-7a48b71404ff/resourceGroups/atu045-cassandra1-rg/providers/Microsoft.Compute/virtualMachines/atu045cassandra1-vm-0",
                        "attributes": {
                            "delete_data_disks_on_termination": "false",
                            "delete_os_disk_on_termination": "false",
                            "id": "/subscriptions/07b428cb-01a7-4b9f-8858-7a48b71404ff/resourceGroups/atu045-cassandra1-rg/providers/Microsoft.Compute/virtualMachines/atu045cassandra1-vm-0",
                            "location": "westeurope",
                            "name": "atu045cassandra1-vm-0",
                            "network_interface_ids.#": "1",
                            "network_interface_ids.3015842315": "/subscriptions/07b428cb-01a7-4b9f-8858-7a48b71404ff/resourceGroups/atu045-cassandra1-rg/providers/Microsoft.Network/networkInterfaces/atu045cassandra1-ip0-priv",
                            "os_profile.#": "1",
                            "os_profile.2109741265.admin_password": "",
                            "os_profile.2109741265.admin_username": "atu045",
                            "os_profile.2109741265.computer_name": "atu045cassandra1-vm-0",
                            "os_profile.2109741265.custom_data": "",
                            "os_profile_linux_config.#": "1",
                            "os_profile_linux_config.69840937.disable_password_authentication": "true",
                            "os_profile_linux_config.69840937.ssh_keys.#": "2",
                            "os_profile_linux_config.69840937.ssh_keys.1.key_data": "ssh-rsa AAAAB3NzaC1yc2EAAAADAQABAAABAQDYrcuzkzfdb6p5lP3v6YFi8+igHG8F01ktFtizXqhas+TKmUdeI3f6ok+aYA+BCBQJpB3Lg6VOj0Ud/FUg8eZ3E9vlGZ5/HhUPPEq3EFThffNu9hrn1jS//lBYVzVMwtxyzWglcNHPfj65D8rm0YvbV2jXfV1G2W/wfgoy/FjtJQnoJXLXg85qUslg9noZUVPouy0LHJ8OciMmKi2ZlxsWyLUf10yhQmwNEGmDJSmRCLMHb3UuSoiwfGmLpWfkeppi2TSw8iDhbsPV2C1vlpHtuWSGI6gXIkNMTr6WxA/PiwVSDSeTr90uhTtVKM5xYb1Rv6a7WXZLPKXjiw8+zEtn root@atu045dev-jumpbox\n",
                            "os_profile_linux_config.69840937.ssh_keys.1.path": "/home/atu045/.ssh/authorized_keys",
                            "os_profile_secrets.#": "0",
                            "resource_group_name": "atu045-cassandra1-rg",
                            "storage_data_disk.#": "1",
                            "storage_data_disk.0.create_option": "Empty",
                            "storage_data_disk.0.disk_size_gb": "100",
                            "storage_data_disk.0.lun": "0",
                            "storage_data_disk.0.name": "atu045cassandra1-vm-0-datadisk0",
                            "storage_data_disk.0.vhd_uri": "https://atu045cassandra1sa.blob.core.windows.net/atu045cassandra1-container-0/atu045cassandra1-vm-0-datadisk0.vhd",
                            "storage_image_reference.#": "1",
                            "storage_image_reference.4162113499.offer": "RHEL",
                            "storage_image_reference.4162113499.publisher": "RedHat",
                            "storage_image_reference.4162113499.sku": "7.3",
                            "storage_image_reference.4162113499.version": "latest",
                            "storage_os_disk.#": "1",
                            "storage_os_disk.3880208592.caching": "ReadWrite",
                            "storage_os_disk.3880208592.create_option": "FromImage",
                            "storage_os_disk.3880208592.disk_size_gb": "0",
                            "storage_os_disk.3880208592.image_uri": "",
                            "storage_os_disk.3880208592.name": "atu045cassandra1-vm-0-osdisk",
                            "storage_os_disk.3880208592.os_type": "",
                            "storage_os_disk.3880208592.vhd_uri": "https://atu045cassandra1sa.blob.core.windows.net/atu045cassandra1-container-0/atu045cassandra1-vm-0-osdisk.vhd",
                            "tags.%": "0",
                            "vm_size": "Standard_DS3_v2"
                        },
                        "meta": {},
                        "tainted": false
                    },
                    "deposed": [],
                    "provider": ""
                },
                "azurerm_virtual_machine.vm-1": {
                    "type": "azurerm_virtual_machine",
                    "depends_on": [
                        "azurerm_network_interface.nic1",
                        "azurerm_network_interface.nic1",
                        "azurerm_network_interface.nic1",
                        "azurerm_network_interface.nic1",
                        "azurerm_resource_group.resource_group",
                        "azurerm_storage_account.sa",
                        "azurerm_storage_container.sc1"
                    ],
                    "primary": {
                        "id": "/subscriptions/07b428cb-01a7-4b9f-8858-7a48b71404ff/resourceGroups/atu045-cassandra1-rg/providers/Microsoft.Compute/virtualMachines/atu045cassandra1-vm-1",
                        "attributes": {
                            "delete_data_disks_on_termination": "false",
                            "delete_os_disk_on_termination": "false",
                            "id": "/subscriptions/07b428cb-01a7-4b9f-8858-7a48b71404ff/resourceGroups/atu045-cassandra1-rg/providers/Microsoft.Compute/virtualMachines/atu045cassandra1-vm-1",
                            "location": "westeurope",
                            "name": "atu045cassandra1-vm-1",
                            "network_interface_ids.#": "1",
                            "network_interface_ids.2023672238": "/subscriptions/07b428cb-01a7-4b9f-8858-7a48b71404ff/resourceGroups/atu045-cassandra1-rg/providers/Microsoft.Network/networkInterfaces/atu045cassandra1-ip1-priv",
                            "os_profile.#": "1",
                            "os_profile.1692084624.admin_password": "",
                            "os_profile.1692084624.admin_username": "atu045",
                            "os_profile.1692084624.computer_name": "atu045cassandra1-vm-1",
                            "os_profile.1692084624.custom_data": "",
                            "os_profile_linux_config.#": "1",
                            "os_profile_linux_config.69840937.disable_password_authentication": "true",
                            "os_profile_linux_config.69840937.ssh_keys.#": "2",
                            "os_profile_linux_config.69840937.ssh_keys.1.key_data": "ssh-rsa AAAAB3NzaC1yc2EAAAADAQABAAABAQDYrcuzkzfdb6p5lP3v6YFi8+igHG8F01ktFtizXqhas+TKmUdeI3f6ok+aYA+BCBQJpB3Lg6VOj0Ud/FUg8eZ3E9vlGZ5/HhUPPEq3EFThffNu9hrn1jS//lBYVzVMwtxyzWglcNHPfj65D8rm0YvbV2jXfV1G2W/wfgoy/FjtJQnoJXLXg85qUslg9noZUVPouy0LHJ8OciMmKi2ZlxsWyLUf10yhQmwNEGmDJSmRCLMHb3UuSoiwfGmLpWfkeppi2TSw8iDhbsPV2C1vlpHtuWSGI6gXIkNMTr6WxA/PiwVSDSeTr90uhTtVKM5xYb1Rv6a7WXZLPKXjiw8+zEtn root@atu045dev-jumpbox\n",
                            "os_profile_linux_config.69840937.ssh_keys.1.path": "/home/atu045/.ssh/authorized_keys",
                            "os_profile_secrets.#": "0",
                            "resource_group_name": "atu045-cassandra1-rg",
                            "storage_data_disk.#": "1",
                            "storage_data_disk.0.create_option": "Empty",
                            "storage_data_disk.0.disk_size_gb": "100",
                            "storage_data_disk.0.lun": "0",
                            "storage_data_disk.0.name": "atu045cassandra1-vm-1-datadisk0",
                            "storage_data_disk.0.vhd_uri": "https://atu045cassandra1sa.blob.core.windows.net/atu045cassandra1-container-0/atu045cassandra1-vm-1-datadisk0.vhd",
                            "storage_image_reference.#": "1",
                            "storage_image_reference.4162113499.offer": "RHEL",
                            "storage_image_reference.4162113499.publisher": "RedHat",
                            "storage_image_reference.4162113499.sku": "7.3",
                            "storage_image_reference.4162113499.version": "latest",
                            "storage_os_disk.#": "1",
                            "storage_os_disk.2883551124.caching": "ReadWrite",
                            "storage_os_disk.2883551124.create_option": "FromImage",
                            "storage_os_disk.2883551124.disk_size_gb": "0",
                            "storage_os_disk.2883551124.image_uri": "",
                            "storage_os_disk.2883551124.name": "atu045cassandra1-vm-1-osdisk",
                            "storage_os_disk.2883551124.os_type": "",
                            "storage_os_disk.2883551124.vhd_uri": "https://atu045cassandra1sa.blob.core.windows.net/atu045cassandra1-container-0/atu045cassandra1-vm-1-osdisk.vhd",
                            "tags.%": "0",
                            "vm_size": "Standard_DS3_v2"
                        },
                        "meta": {},
                        "tainted": false
                    },
                    "deposed": [],
                    "provider": ""
                },
                "azurerm_virtual_machine.vm-2": {
                    "type": "azurerm_virtual_machine",
                    "depends_on": [
                        "azurerm_network_interface.nic2",
                        "azurerm_network_interface.nic2",
                        "azurerm_network_interface.nic2",
                        "azurerm_network_interface.nic2",
                        "azurerm_resource_group.resource_group",
                        "azurerm_storage_account.sa",
                        "azurerm_storage_container.sc1"
                    ],
                    "primary": {
                        "id": "/subscriptions/07b428cb-01a7-4b9f-8858-7a48b71404ff/resourceGroups/atu045-cassandra1-rg/providers/Microsoft.Compute/virtualMachines/atu045cassandra1-vm-2",
                        "attributes": {
                            "delete_data_disks_on_termination": "false",
                            "delete_os_disk_on_termination": "false",
                            "id": "/subscriptions/07b428cb-01a7-4b9f-8858-7a48b71404ff/resourceGroups/atu045-cassandra1-rg/providers/Microsoft.Compute/virtualMachines/atu045cassandra1-vm-2",
                            "location": "westeurope",
                            "name": "atu045cassandra1-vm-2",
                            "network_interface_ids.#": "1",
                            "network_interface_ids.4262116096": "/subscriptions/07b428cb-01a7-4b9f-8858-7a48b71404ff/resourceGroups/atu045-cassandra1-rg/providers/Microsoft.Network/networkInterfaces/atu045cassandra1-ip2-priv",
                            "os_profile.#": "1",
                            "os_profile.1341553235.admin_password": "",
                            "os_profile.1341553235.admin_username": "atu045",
                            "os_profile.1341553235.computer_name": "atu045cassandra1-vm-2",
                            "os_profile.1341553235.custom_data": "",
                            "os_profile_linux_config.#": "1",
                            "os_profile_linux_config.69840937.disable_password_authentication": "true",
                            "os_profile_linux_config.69840937.ssh_keys.#": "2",
                            "os_profile_linux_config.69840937.ssh_keys.1.key_data": "ssh-rsa AAAAB3NzaC1yc2EAAAADAQABAAABAQDYrcuzkzfdb6p5lP3v6YFi8+igHG8F01ktFtizXqhas+TKmUdeI3f6ok+aYA+BCBQJpB3Lg6VOj0Ud/FUg8eZ3E9vlGZ5/HhUPPEq3EFThffNu9hrn1jS//lBYVzVMwtxyzWglcNHPfj65D8rm0YvbV2jXfV1G2W/wfgoy/FjtJQnoJXLXg85qUslg9noZUVPouy0LHJ8OciMmKi2ZlxsWyLUf10yhQmwNEGmDJSmRCLMHb3UuSoiwfGmLpWfkeppi2TSw8iDhbsPV2C1vlpHtuWSGI6gXIkNMTr6WxA/PiwVSDSeTr90uhTtVKM5xYb1Rv6a7WXZLPKXjiw8+zEtn root@atu045dev-jumpbox\n",
                            "os_profile_linux_config.69840937.ssh_keys.1.path": "/home/atu045/.ssh/authorized_keys",
                            "os_profile_secrets.#": "0",
                            "resource_group_name": "atu045-cassandra1-rg",
                            "storage_data_disk.#": "1",
                            "storage_data_disk.0.create_option": "Empty",
                            "storage_data_disk.0.disk_size_gb": "100",
                            "storage_data_disk.0.lun": "0",
                            "storage_data_disk.0.name": "atu045cassandra1-vm-2-datadisk0",
                            "storage_data_disk.0.vhd_uri": "https://atu045cassandra1sa.blob.core.windows.net/atu045cassandra1-container-0/atu045cassandra1-vm-2-datadisk0.vhd",
                            "storage_image_reference.#": "1",
                            "storage_image_reference.4162113499.offer": "RHEL",
                            "storage_image_reference.4162113499.publisher": "RedHat",
                            "storage_image_reference.4162113499.sku": "7.3",
                            "storage_image_reference.4162113499.version": "latest",
                            "storage_os_disk.#": "1",
                            "storage_os_disk.2121737816.caching": "ReadWrite",
                            "storage_os_disk.2121737816.create_option": "FromImage",
                            "storage_os_disk.2121737816.disk_size_gb": "0",
                            "storage_os_disk.2121737816.image_uri": "",
                            "storage_os_disk.2121737816.name": "atu045cassandra1-vm-2-osdisk",
                            "storage_os_disk.2121737816.os_type": "",
                            "storage_os_disk.2121737816.vhd_uri": "https://atu045cassandra1sa.blob.core.windows.net/atu045cassandra1-container-0/atu045cassandra1-vm-2-osdisk.vhd",
                            "tags.%": "0",
                            "vm_size": "Standard_DS3_v2"
                        },
                        "meta": {},
                        "tainted": false
                    },
                    "deposed": [],
                    "provider": ""
                }
            },
            "depends_on": []
        }
    ]
}
